
Microsoft Visual Studio Solution File, Format Version 12.00
# Visual Studio 2013
VisualStudioVersion = 12.0.31101.0
MinimumVisualStudioVersion = 10.0.40219.1
Project("{FAE04EC0-301F-11D3-BF4B-00C04F79EFBC}") = "SBOXDiscovery", "SBOXDiscovery\SBOXDiscovery.csproj", "{C4D61474-6E5E-434B-8AAD-FEE6C5F671A5}"
EndProject
Project("{2150E333-8FDC-42A3-9474-1A3956D46DE8}") = "Solution Items", "Solution Items", "{A37F8A68-75EE-4B40-8F8F-03F78C031D27}"
	ProjectSection(SolutionItems) = preProject
		Performance1.psess = Performance1.psess
	EndProjectSection
EndProject
Global
	GlobalSection(SolutionConfigurationPlatforms) = preSolution
		Debug|Any CPU = Debug|Any CPU
		Debug|Win32 = Debug|Win32
		Debug|x64 = Debug|x64
		Release|Any CPU = Release|Any CPU
		Release|Win32 = Release|Win32
		Release|x64 = Release|x64
	EndGlobalSection
	GlobalSection(ProjectConfigurationPlatforms) = postSolution
		{C4D61474-6E5E-434B-8AAD-FEE6C5F671A5}.Debug|Any CPU.ActiveCfg = Debug|Any CPU
		{C4D61474-6E5E-434B-8AAD-FEE6C5F671A5}.Debug|Any CPU.Build.0 = Debug|Any CPU
		{C4D61474-6E5E-434B-8AAD-FEE6C5F671A5}.Debug|Win32.ActiveCfg = Debug|Any CPU
		{C4D61474-6E5E-434B-8AAD-FEE6C5F671A5}.Debug|x64.ActiveCfg = Debug|x64
		{C4D61474-6E5E-434B-8AAD-FEE6C5F671A5}.Debug|x64.Build.0 = Debug|x64
		{C4D61474-6E5E-434B-8AAD-FEE6C5F671A5}.Release|Any CPU.ActiveCfg = Release|Any CPU
		{C4D61474-6E5E-434B-8AAD-FEE6C5F671A5}.Release|Any CPU.Build.0 = Release|Any CPU
		{C4D61474-6E5E-434B-8AAD-FEE6C5F671A5}.Release|Win32.ActiveCfg = Release|Any CPU
		{C4D61474-6E5E-434B-8AAD-FEE6C5F671A5}.Release|x64.ActiveCfg = Release|x64
		{C4D61474-6E5E-434B-8AAD-FEE6C5F671A5}.Release|x64.Build.0 = Release|x64
	EndGlobalSection
	GlobalSection(SolutionProperties) = preSolution
		HideSolutionNode = FALSE
	EndGlobalSection
EndGlobal
